# THIS IS AN AUTOGENERATED FILE. DO NOT EDIT THIS FILE DIRECTLY.
# yarn lockfile v1


jquery-migrate@^3.0.1:
  version "3.0.1"
  resolved "https://registry.yarnpkg.com/jquery-migrate/-/jquery-migrate-3.0.1.tgz#141de3abfe6d301baaa4130b0ec7b9a839845e72"

jquery@^3.2.1:
  version "3.2.1"
  resolved "https://registry.yarnpkg.com/jquery/-/jquery-3.2.1.tgz#5c4d9de652af6cd0a770154a631bba12b015c787"

js-polyfills@^0.1.41:
  version "0.1.41"
  resolved "https://registry.yarnpkg.com/js-polyfills/-/js-polyfills-0.1.41.tgz#00f3f029c3be054cb8854dd2da320660d0433731"

tooltipster@^4.2.5:
  version "4.2.5"
  resolved "https://registry.yarnpkg.com/tooltipster/-/tooltipster-4.2.5.tgz#e492fc3984576418f8c18b1aaee1456c1bd8b0a9"
